
Microsoft Visual Studio Solution File, Format Version 12.00
# Visual Studio 15
VisualStudioVersion = 15.0.28307.1300
MinimumVisualStudioVersion = 10.0.40219.1
Project("{FAE04EC0-301F-11D3-BF4B-00C04F79EFBC}") = "NMS.Web", "NMS\NMS.Web.csproj", "{C8052C1F-2D7F-4E51-92D8-08D3144E4DD7}"
EndProject
Project("{FAE04EC0-301F-11D3-BF4B-00C04F79EFBC}") = "NMS.Tests", "NMS.Tests\NMS.Tests.csproj", "{C3AA89CE-CA2F-4537-A6F9-87F8FBFBDED1}"
EndProject
Project("{2150E333-8FDC-42A3-9474-1A3956D46DE8}") = "Web", "Web", "{A014D8B9-97BB-4A65-80CC-53DE7735B857}"
EndProject
Project("{2150E333-8FDC-42A3-9474-1A3956D46DE8}") = "Data", "Data", "{298628A8-7500-4FD8-8E01-D1EF1F358143}"
EndProject
Project("{2150E333-8FDC-42A3-9474-1A3956D46DE8}") = "Repo", "Repo", "{5EBB1DF5-985D-4E12-A7BA-97C057CF08EB}"
EndProject
Project("{2150E333-8FDC-42A3-9474-1A3956D46DE8}") = "Framework", "Framework", "{69A23B4F-F09A-432D-A25E-E1EBE6C079D2}"
EndProject
Project("{2150E333-8FDC-42A3-9474-1A3956D46DE8}") = "Utils", "Utils", "{F2F16691-42E0-4D07-882E-2C549421BF18}"
EndProject
Project("{FAE04EC0-301F-11D3-BF4B-00C04F79EFBC}") = "NMS.Data", "NMS.Data\NMS.Data.csproj", "{1E86ED51-1D60-4DF0-8576-D7569B233ED1}"
EndProject
Project("{FAE04EC0-301F-11D3-BF4B-00C04F79EFBC}") = "NMS.Entities", "NMS.Entities\NMS.Entities.csproj", "{132CBEA5-F3A1-4A40-AF6B-DE96F2BE53B4}"
EndProject
Project("{FAE04EC0-301F-11D3-BF4B-00C04F79EFBC}") = "NMS.Repo", "NMS.Repo\NMS.Repo.csproj", "{54AD3EC4-F9C7-4ACB-A573-EF7D4F65AE74}"
EndProject
Project("{FAE04EC0-301F-11D3-BF4B-00C04F79EFBC}") = "NMS.RepoImp", "NMS.RepoImp\NMS.RepoImp.csproj", "{BB3B7DA4-B303-47E5-A029-422DAF06A02F}"
EndProject
Project("{FAE04EC0-301F-11D3-BF4B-00C04F79EFBC}") = "NMS.Core", "NMS.Core\NMS.Core.csproj", "{1928BBAC-BDF9-40F5-885A-79D13D0FB9A0}"
EndProject
Global
	GlobalSection(SolutionConfigurationPlatforms) = preSolution
		Debug|Any CPU = Debug|Any CPU
		Release|Any CPU = Release|Any CPU
	EndGlobalSection
	GlobalSection(ProjectConfigurationPlatforms) = postSolution
		{C8052C1F-2D7F-4E51-92D8-08D3144E4DD7}.Debug|Any CPU.ActiveCfg = Debug|Any CPU
		{C8052C1F-2D7F-4E51-92D8-08D3144E4DD7}.Debug|Any CPU.Build.0 = Debug|Any CPU
		{C8052C1F-2D7F-4E51-92D8-08D3144E4DD7}.Release|Any CPU.ActiveCfg = Release|Any CPU
		{C8052C1F-2D7F-4E51-92D8-08D3144E4DD7}.Release|Any CPU.Build.0 = Release|Any CPU
		{C3AA89CE-CA2F-4537-A6F9-87F8FBFBDED1}.Debug|Any CPU.ActiveCfg = Debug|Any CPU
		{C3AA89CE-CA2F-4537-A6F9-87F8FBFBDED1}.Debug|Any CPU.Build.0 = Debug|Any CPU
		{C3AA89CE-CA2F-4537-A6F9-87F8FBFBDED1}.Release|Any CPU.ActiveCfg = Release|Any CPU
		{C3AA89CE-CA2F-4537-A6F9-87F8FBFBDED1}.Release|Any CPU.Build.0 = Release|Any CPU
		{1E86ED51-1D60-4DF0-8576-D7569B233ED1}.Debug|Any CPU.ActiveCfg = Debug|Any CPU
		{1E86ED51-1D60-4DF0-8576-D7569B233ED1}.Debug|Any CPU.Build.0 = Debug|Any CPU
		{1E86ED51-1D60-4DF0-8576-D7569B233ED1}.Release|Any CPU.ActiveCfg = Release|Any CPU
		{1E86ED51-1D60-4DF0-8576-D7569B233ED1}.Release|Any CPU.Build.0 = Release|Any CPU
		{132CBEA5-F3A1-4A40-AF6B-DE96F2BE53B4}.Debug|Any CPU.ActiveCfg = Debug|Any CPU
		{132CBEA5-F3A1-4A40-AF6B-DE96F2BE53B4}.Debug|Any CPU.Build.0 = Debug|Any CPU
		{132CBEA5-F3A1-4A40-AF6B-DE96F2BE53B4}.Release|Any CPU.ActiveCfg = Release|Any CPU
		{132CBEA5-F3A1-4A40-AF6B-DE96F2BE53B4}.Release|Any CPU.Build.0 = Release|Any CPU
		{54AD3EC4-F9C7-4ACB-A573-EF7D4F65AE74}.Debug|Any CPU.ActiveCfg = Debug|Any CPU
		{54AD3EC4-F9C7-4ACB-A573-EF7D4F65AE74}.Debug|Any CPU.Build.0 = Debug|Any CPU
		{54AD3EC4-F9C7-4ACB-A573-EF7D4F65AE74}.Release|Any CPU.ActiveCfg = Release|Any CPU
		{54AD3EC4-F9C7-4ACB-A573-EF7D4F65AE74}.Release|Any CPU.Build.0 = Release|Any CPU
		{BB3B7DA4-B303-47E5-A029-422DAF06A02F}.Debug|Any CPU.ActiveCfg = Debug|Any CPU
		{BB3B7DA4-B303-47E5-A029-422DAF06A02F}.Debug|Any CPU.Build.0 = Debug|Any CPU
		{BB3B7DA4-B303-47E5-A029-422DAF06A02F}.Release|Any CPU.ActiveCfg = Release|Any CPU
		{BB3B7DA4-B303-47E5-A029-422DAF06A02F}.Release|Any CPU.Build.0 = Release|Any CPU
		{1928BBAC-BDF9-40F5-885A-79D13D0FB9A0}.Debug|Any CPU.ActiveCfg = Debug|Any CPU
		{1928BBAC-BDF9-40F5-885A-79D13D0FB9A0}.Debug|Any CPU.Build.0 = Debug|Any CPU
		{1928BBAC-BDF9-40F5-885A-79D13D0FB9A0}.Release|Any CPU.ActiveCfg = Release|Any CPU
		{1928BBAC-BDF9-40F5-885A-79D13D0FB9A0}.Release|Any CPU.Build.0 = Release|Any CPU
	EndGlobalSection
	GlobalSection(SolutionProperties) = preSolution
		HideSolutionNode = FALSE
	EndGlobalSection
	GlobalSection(NestedProjects) = preSolution
		{C8052C1F-2D7F-4E51-92D8-08D3144E4DD7} = {A014D8B9-97BB-4A65-80CC-53DE7735B857}
		{C3AA89CE-CA2F-4537-A6F9-87F8FBFBDED1} = {A014D8B9-97BB-4A65-80CC-53DE7735B857}
		{1E86ED51-1D60-4DF0-8576-D7569B233ED1} = {298628A8-7500-4FD8-8E01-D1EF1F358143}
		{132CBEA5-F3A1-4A40-AF6B-DE96F2BE53B4} = {298628A8-7500-4FD8-8E01-D1EF1F358143}
		{54AD3EC4-F9C7-4ACB-A573-EF7D4F65AE74} = {5EBB1DF5-985D-4E12-A7BA-97C057CF08EB}
		{BB3B7DA4-B303-47E5-A029-422DAF06A02F} = {5EBB1DF5-985D-4E12-A7BA-97C057CF08EB}
		{1928BBAC-BDF9-40F5-885A-79D13D0FB9A0} = {69A23B4F-F09A-432D-A25E-E1EBE6C079D2}
	EndGlobalSection
	GlobalSection(ExtensibilityGlobals) = postSolution
		SolutionGuid = {D3C26F21-11FD-4288-89BB-81407BCDA9C9}
	EndGlobalSection
EndGlobal
